
Microsoft Visual Studio Solution File, Format Version 12.00
# Visual Studio Version 17
VisualStudioVersion = 17.9.34616.47
MinimumVisualStudioVersion = 10.0.40219.1
Project("{FAE04EC0-301F-11D3-BF4B-00C04F79EFBC}") = "WinFormsApp1", "WinFormsApp1.csproj", "{6F5D08A8-DAE2-4769-A0C4-A4635DF53BEA}"
EndProject
Global
	GlobalSection(SolutionConfigurationPlatforms) = preSolution
		Debug|Any CPU = Debug|Any CPU
		Release|Any CPU = Release|Any CPU
	EndGlobalSection
	GlobalSection(ProjectConfigurationPlatforms) = postSolution
		{6F5D08A8-DAE2-4769-A0C4-A4635DF53BEA}.Debug|Any CPU.ActiveCfg = Debug|Any CPU
		{6F5D08A8-DAE2-4769-A0C4-A4635DF53BEA}.Debug|Any CPU.Build.0 = Debug|Any CPU
		{6F5D08A8-DAE2-4769-A0C4-A4635DF53BEA}.Release|Any CPU.ActiveCfg = Release|Any CPU
		{6F5D08A8-DAE2-4769-A0C4-A4635DF53BEA}.Release|Any CPU.Build.0 = Release|Any CPU
	EndGlobalSection
	GlobalSection(SolutionProperties) = preSolution
		HideSolutionNode = FALSE
	EndGlobalSection
	GlobalSection(ExtensibilityGlobals) = postSolution
		SolutionGuid = {111327B5-B92B-4558-8B85-F00C44A9019C}
	EndGlobalSection
EndGlobal
